{
  "name": "iojs",
  "version": "1.0.0",
  "lockfileVersion": 1,
  "requires": true,
  "dependencies": {
    "async-limiter": {
      "version": "1.0.0",
      "resolved": "https://registry.npmjs.org/async-limiter/-/async-limiter-1.0.0.tgz",
      "integrity": "sha512-jp/uFnooOiO+L211eZOoSyzpOITMXx1rBITauYykG3BRYPu8h0UcxsPNB04RR5vo4Tyz3+ay17tR6JVf9qzYWg=="
    },
    "es6-promise": {
      "version": "4.2.5",
      "resolved": "https://registry.npmjs.org/es6-promise/-/es6-promise-4.2.5.tgz",
      "integrity": "sha512-n6wvpdE43VFtJq+lUDYDBFUwV8TZbuGXLV4D6wKafg13ldznKsyEvatubnmUe31zcvelSzOHF+XbaT+Bl9ObDg=="
    },
    "jayson": {
      "version": "2.1.0",
      "resolved": "http://registry.npm.taobao.org/jayson/download/jayson-2.1.0.tgz",
      "integrity": "sha512-WQhCph4BgSDbRUPdZYqGMojKMxjzPqCCKmWYMsRWX/Bvh1oP+Irs2upeEJy8flU3ZAZzm68TjuL1X8u9Rt4wWQ==",
      "requires": {
        "@types/node": "^10.3.5",
        "JSONStream": "^1.3.1",
        "commander": "^2.12.2",
        "es6-promisify": "^5.0.0",
        "eyes": "^0.1.8",
        "json-stringify-safe": "^5.0.1",
        "lodash": "^4.17.10",
        "uuid": "^3.2.1"
      },
      "dependencies": {
        "@types/node": {
          "version": "10.12.9",
          "resolved": "http://registry.npm.taobao.org/@types/node/download/@types/node-10.12.9.tgz",
          "integrity": "sha512-eajkMXG812/w3w4a1OcBlaTwsFPO5F7fJ/amy+tieQxEMWBlbV1JGSjkFM+zkHNf81Cad+dfIRA+IBkvmvdAeA=="
        },
        "JSONStream": {
          "version": "1.3.5",
          "resolved": "http://registry.npm.taobao.org/JSONStream/download/JSONStream-1.3.5.tgz",
          "integrity": "sha512-E+iruNOY8VV9s4JEbe1aNEm6MiszPRr/UfcHMz0TQh1BXSxHK+ASV1R6W4HpjBhSeS+54PIsAMCBmwD06LLsqQ==",
          "requires": {
            "jsonparse": "^1.2.0",
            "through": ">=2.2.7 <3"
          }
        },
        "commander": {
          "version": "2.19.0",
          "resolved": "http://registry.npm.taobao.org/commander/download/commander-2.19.0.tgz",
          "integrity": "sha512-6tvAOO+D6OENvRAh524Dh9jcfKTYDQAqvqezbCW82xj5X0pSrcpxtvRKHLG0yBY6SD7PSDrJaj+0AiOcKVd1Xg=="
        },
        "es6-promisify": {
          "version": "5.0.0",
          "resolved": "http://registry.npm.taobao.org/es6-promisify/download/es6-promisify-5.0.0.tgz",
          "integrity": "sha512-C+d6UdsYDk0lMebHNR4S2NybQMMngAOnOwYBQjTOiv0MkoJMP0Myw2mgpDLBcpfCmRLxyFqYhS/CfOENq4SJhQ==",
          "requires": {
            "es6-promise": "^4.0.3"
          }
        },
        "eyes": {
          "version": "0.1.8",
          "resolved": "http://registry.npm.taobao.org/eyes/download/eyes-0.1.8.tgz",
          "integrity": "sha512-GipyPsXO1anza0AOZdy69Im7hGFCNB7Y/NGjDlZGJ3GJJLtwNSb2vrzYrTYJRrRloVx7pl+bhUaTB8yiccPvFQ=="
        },
        "json-stringify-safe": {
          "version": "5.0.1",
          "resolved": "http://registry.npm.taobao.org/json-stringify-safe/download/json-stringify-safe-5.0.1.tgz",
          "integrity": "sha512-ZClg6AaYvamvYEE82d3Iyd3vSSIjQ+odgjaTzRuO3s7toCdFKczob2i0zCh7JE8kWn17yvAWhUVxvqGwUalsRA=="
        },
        "lodash": {
          "version": "4.17.11",
          "resolved": "http://registry.npm.taobao.org/lodash/download/lodash-4.17.11.tgz",
          "integrity": "sha512-cQKh8igo5QUhZ7lg38DYWAxMvjSAKG0A8wGSVimP07SIUEK2UO+arSRKbRZWtelMtN5V0Hkwh5ryOto/SshYIg=="
        },
        "uuid": {
          "version": "3.3.2",
          "resolved": "http://registry.npm.taobao.org/uuid/download/uuid-3.3.2.tgz",
          "integrity": "sha512-yXJmeNaw3DnnKAOKJE51sL/ZaYfWJRl1pK9dr19YFCu0ObS231AB1/LbqTKRAQ5kw8A90rA6fr4riOUpTZvQZA=="
        }
      }
    },
    "jsonparse": {
      "version": "1.3.1",
      "resolved": "https://registry.npmjs.org/jsonparse/-/jsonparse-1.3.1.tgz",
      "integrity": "sha1-P02uSpH6wxX3EGL4UhzCOfE2YoA="
    },
    "through": {
      "version": "2.3.8",
      "resolved": "http://registry.npmjs.org/through/-/through-2.3.8.tgz",
      "integrity": "sha1-DdTJ/6q8NXlgsbckEV1+Doai4fU="
    },
    "ws": {
      "version": "6.1.2",
      "resolved": "https://registry.npmjs.org/ws/-/ws-6.1.2.tgz",
      "integrity": "sha512-rfUqzvz0WxmSXtJpPMX2EeASXabOrSMk1ruMOV3JBTBjo4ac2lDjGGsbQSyxj8Odhw5fBib8ZKEjDNvgouNKYw==",
      "requires": {
        "async-limiter": "~1.0.0"
      }
    },
    "ws-cluster-proxy": {
      "version": "1.0.1",
      "resolved": "https://registry.npmjs.org/ws-cluster-proxy/-/ws-cluster-proxy-1.0.1.tgz",
      "integrity": "sha512-FCWLMxqQP2Rq3eX+Kuz988GStjQw98XtioFaUS8xC6YusiXOSe5G012Bb3Lp0yoE2r+7Q70rmsxGH3O+QRQpww=="
    }
  }
}
